
Microsoft Visual Studio Solution File, Format Version 10.00
# Visual C++ Express 2008
Project("{8BC9CEB8-8B4A-11D0-8D11-00A0C91BC942}") = "backuper", "backuper.vcproj", "{298A2946-FB0A-42B6-89A2-A8C3E3C9EC9A}"
EndProject
Global
	GlobalSection(SolutionConfigurationPlatforms) = preSolution
		Debug|Win32 = Debug|Win32
		Release|Win32 = Release|Win32
	EndGlobalSection
	GlobalSection(ProjectConfigurationPlatforms) = postSolution
		{298A2946-FB0A-42B6-89A2-A8C3E3C9EC9A}.Debug|Win32.ActiveCfg = Debug|Win32
		{298A2946-FB0A-42B6-89A2-A8C3E3C9EC9A}.Debug|Win32.Build.0 = Debug|Win32
		{298A2946-FB0A-42B6-89A2-A8C3E3C9EC9A}.Release|Win32.ActiveCfg = Release|Win32
		{298A2946-FB0A-42B6-89A2-A8C3E3C9EC9A}.Release|Win32.Build.0 = Release|Win32
	EndGlobalSection
	GlobalSection(SolutionProperties) = preSolution
		HideSolutionNode = FALSE
	EndGlobalSection
EndGlobal
